
Microsoft Visual Studio Solution File, Format Version 12.00
# Visual Studio 15
VisualStudioVersion = 15.0.26124.0
MinimumVisualStudioVersion = 15.0.26124.0
Project("{2150E333-8FDC-42A3-9474-1A3956D46DE8}") = "src", "src", "{EC9BBD2F-1BD6-4CE7-B942-3A97EA1A7852}"
EndProject
Project("{2150E333-8FDC-42A3-9474-1A3956D46DE8}") = "tests", "tests", "{50C8ADF2-8C44-4000-ACCC-D5C901BF30FA}"
EndProject
Project("{FAE04EC0-301F-11D3-BF4B-00C04F79EFBC}") = "PersonHub.Api", "src\PersonHub.Api\PersonHub.Api.csproj", "{EB24B32C-63A6-4040-9239-A71FA0AB73E3}"
EndProject
Project("{FAE04EC0-301F-11D3-BF4B-00C04F79EFBC}") = "PersonHub.Api.UnitTest", "tests\PersonHub.Api.UnitTest\PersonHub.Api.UnitTest.csproj", "{14895195-04B6-4919-A421-3C37A4F964DB}"
EndProject
Project("{FAE04EC0-301F-11D3-BF4B-00C04F79EFBC}") = "PersonHub.Api.IntegrationTest", "tests\PersonHub.Api.IntegrationTest\PersonHub.Api.IntegrationTest.csproj", "{88C7DDBA-9056-493F-B9AC-2E76BF84D80E}"
EndProject
Global
	GlobalSection(SolutionConfigurationPlatforms) = preSolution
		Debug|Any CPU = Debug|Any CPU
		Debug|x64 = Debug|x64
		Debug|x86 = Debug|x86
		Release|Any CPU = Release|Any CPU
		Release|x64 = Release|x64
		Release|x86 = Release|x86
	EndGlobalSection
	GlobalSection(SolutionProperties) = preSolution
		HideSolutionNode = FALSE
	EndGlobalSection
	GlobalSection(ProjectConfigurationPlatforms) = postSolution
		{18F61585-B73E-437F-8F0C-799A8819C63C}.Debug|Any CPU.ActiveCfg = Debug|Any CPU
		{18F61585-B73E-437F-8F0C-799A8819C63C}.Debug|Any CPU.Build.0 = Debug|Any CPU
		{18F61585-B73E-437F-8F0C-799A8819C63C}.Debug|x64.ActiveCfg = Debug|Any CPU
		{18F61585-B73E-437F-8F0C-799A8819C63C}.Debug|x64.Build.0 = Debug|Any CPU
		{18F61585-B73E-437F-8F0C-799A8819C63C}.Debug|x86.ActiveCfg = Debug|Any CPU
		{18F61585-B73E-437F-8F0C-799A8819C63C}.Debug|x86.Build.0 = Debug|Any CPU
		{18F61585-B73E-437F-8F0C-799A8819C63C}.Release|Any CPU.ActiveCfg = Release|Any CPU
		{18F61585-B73E-437F-8F0C-799A8819C63C}.Release|Any CPU.Build.0 = Release|Any CPU
		{18F61585-B73E-437F-8F0C-799A8819C63C}.Release|x64.ActiveCfg = Release|Any CPU
		{18F61585-B73E-437F-8F0C-799A8819C63C}.Release|x64.Build.0 = Release|Any CPU
		{18F61585-B73E-437F-8F0C-799A8819C63C}.Release|x86.ActiveCfg = Release|Any CPU
		{18F61585-B73E-437F-8F0C-799A8819C63C}.Release|x86.Build.0 = Release|Any CPU
		{049D5CA0-97B9-4B5C-8C7F-B1A694F2818A}.Debug|Any CPU.ActiveCfg = Debug|Any CPU
		{049D5CA0-97B9-4B5C-8C7F-B1A694F2818A}.Debug|Any CPU.Build.0 = Debug|Any CPU
		{049D5CA0-97B9-4B5C-8C7F-B1A694F2818A}.Debug|x64.ActiveCfg = Debug|Any CPU
		{049D5CA0-97B9-4B5C-8C7F-B1A694F2818A}.Debug|x64.Build.0 = Debug|Any CPU
		{049D5CA0-97B9-4B5C-8C7F-B1A694F2818A}.Debug|x86.ActiveCfg = Debug|Any CPU
		{049D5CA0-97B9-4B5C-8C7F-B1A694F2818A}.Debug|x86.Build.0 = Debug|Any CPU
		{049D5CA0-97B9-4B5C-8C7F-B1A694F2818A}.Release|Any CPU.ActiveCfg = Release|Any CPU
		{049D5CA0-97B9-4B5C-8C7F-B1A694F2818A}.Release|Any CPU.Build.0 = Release|Any CPU
		{049D5CA0-97B9-4B5C-8C7F-B1A694F2818A}.Release|x64.ActiveCfg = Release|Any CPU
		{049D5CA0-97B9-4B5C-8C7F-B1A694F2818A}.Release|x64.Build.0 = Release|Any CPU
		{049D5CA0-97B9-4B5C-8C7F-B1A694F2818A}.Release|x86.ActiveCfg = Release|Any CPU
		{049D5CA0-97B9-4B5C-8C7F-B1A694F2818A}.Release|x86.Build.0 = Release|Any CPU
		{7DB4BB3F-1352-47C4-8549-6B9DFABA739A}.Debug|Any CPU.ActiveCfg = Debug|Any CPU
		{7DB4BB3F-1352-47C4-8549-6B9DFABA739A}.Debug|Any CPU.Build.0 = Debug|Any CPU
		{7DB4BB3F-1352-47C4-8549-6B9DFABA739A}.Debug|x64.ActiveCfg = Debug|Any CPU
		{7DB4BB3F-1352-47C4-8549-6B9DFABA739A}.Debug|x64.Build.0 = Debug|Any CPU
		{7DB4BB3F-1352-47C4-8549-6B9DFABA739A}.Debug|x86.ActiveCfg = Debug|Any CPU
		{7DB4BB3F-1352-47C4-8549-6B9DFABA739A}.Debug|x86.Build.0 = Debug|Any CPU
		{7DB4BB3F-1352-47C4-8549-6B9DFABA739A}.Release|Any CPU.ActiveCfg = Release|Any CPU
		{7DB4BB3F-1352-47C4-8549-6B9DFABA739A}.Release|Any CPU.Build.0 = Release|Any CPU
		{7DB4BB3F-1352-47C4-8549-6B9DFABA739A}.Release|x64.ActiveCfg = Release|Any CPU
		{7DB4BB3F-1352-47C4-8549-6B9DFABA739A}.Release|x64.Build.0 = Release|Any CPU
		{7DB4BB3F-1352-47C4-8549-6B9DFABA739A}.Release|x86.ActiveCfg = Release|Any CPU
		{7DB4BB3F-1352-47C4-8549-6B9DFABA739A}.Release|x86.Build.0 = Release|Any CPU
		{EB24B32C-63A6-4040-9239-A71FA0AB73E3}.Debug|Any CPU.ActiveCfg = Debug|Any CPU
		{EB24B32C-63A6-4040-9239-A71FA0AB73E3}.Debug|Any CPU.Build.0 = Debug|Any CPU
		{EB24B32C-63A6-4040-9239-A71FA0AB73E3}.Debug|x64.ActiveCfg = Debug|Any CPU
		{EB24B32C-63A6-4040-9239-A71FA0AB73E3}.Debug|x64.Build.0 = Debug|Any CPU
		{EB24B32C-63A6-4040-9239-A71FA0AB73E3}.Debug|x86.ActiveCfg = Debug|Any CPU
		{EB24B32C-63A6-4040-9239-A71FA0AB73E3}.Debug|x86.Build.0 = Debug|Any CPU
		{EB24B32C-63A6-4040-9239-A71FA0AB73E3}.Release|Any CPU.ActiveCfg = Release|Any CPU
		{EB24B32C-63A6-4040-9239-A71FA0AB73E3}.Release|Any CPU.Build.0 = Release|Any CPU
		{EB24B32C-63A6-4040-9239-A71FA0AB73E3}.Release|x64.ActiveCfg = Release|Any CPU
		{EB24B32C-63A6-4040-9239-A71FA0AB73E3}.Release|x64.Build.0 = Release|Any CPU
		{EB24B32C-63A6-4040-9239-A71FA0AB73E3}.Release|x86.ActiveCfg = Release|Any CPU
		{EB24B32C-63A6-4040-9239-A71FA0AB73E3}.Release|x86.Build.0 = Release|Any CPU
		{14895195-04B6-4919-A421-3C37A4F964DB}.Debug|Any CPU.ActiveCfg = Debug|Any CPU
		{14895195-04B6-4919-A421-3C37A4F964DB}.Debug|Any CPU.Build.0 = Debug|Any CPU
		{14895195-04B6-4919-A421-3C37A4F964DB}.Debug|x64.ActiveCfg = Debug|Any CPU
		{14895195-04B6-4919-A421-3C37A4F964DB}.Debug|x64.Build.0 = Debug|Any CPU
		{14895195-04B6-4919-A421-3C37A4F964DB}.Debug|x86.ActiveCfg = Debug|Any CPU
		{14895195-04B6-4919-A421-3C37A4F964DB}.Debug|x86.Build.0 = Debug|Any CPU
		{14895195-04B6-4919-A421-3C37A4F964DB}.Release|Any CPU.ActiveCfg = Release|Any CPU
		{14895195-04B6-4919-A421-3C37A4F964DB}.Release|Any CPU.Build.0 = Release|Any CPU
		{14895195-04B6-4919-A421-3C37A4F964DB}.Release|x64.ActiveCfg = Release|Any CPU
		{14895195-04B6-4919-A421-3C37A4F964DB}.Release|x64.Build.0 = Release|Any CPU
		{14895195-04B6-4919-A421-3C37A4F964DB}.Release|x86.ActiveCfg = Release|Any CPU
		{14895195-04B6-4919-A421-3C37A4F964DB}.Release|x86.Build.0 = Release|Any CPU
		{88C7DDBA-9056-493F-B9AC-2E76BF84D80E}.Debug|Any CPU.ActiveCfg = Debug|Any CPU
		{88C7DDBA-9056-493F-B9AC-2E76BF84D80E}.Debug|Any CPU.Build.0 = Debug|Any CPU
		{88C7DDBA-9056-493F-B9AC-2E76BF84D80E}.Debug|x64.ActiveCfg = Debug|Any CPU
		{88C7DDBA-9056-493F-B9AC-2E76BF84D80E}.Debug|x64.Build.0 = Debug|Any CPU
		{88C7DDBA-9056-493F-B9AC-2E76BF84D80E}.Debug|x86.ActiveCfg = Debug|Any CPU
		{88C7DDBA-9056-493F-B9AC-2E76BF84D80E}.Debug|x86.Build.0 = Debug|Any CPU
		{88C7DDBA-9056-493F-B9AC-2E76BF84D80E}.Release|Any CPU.ActiveCfg = Release|Any CPU
		{88C7DDBA-9056-493F-B9AC-2E76BF84D80E}.Release|Any CPU.Build.0 = Release|Any CPU
		{88C7DDBA-9056-493F-B9AC-2E76BF84D80E}.Release|x64.ActiveCfg = Release|Any CPU
		{88C7DDBA-9056-493F-B9AC-2E76BF84D80E}.Release|x64.Build.0 = Release|Any CPU
		{88C7DDBA-9056-493F-B9AC-2E76BF84D80E}.Release|x86.ActiveCfg = Release|Any CPU
		{88C7DDBA-9056-493F-B9AC-2E76BF84D80E}.Release|x86.Build.0 = Release|Any CPU
	EndGlobalSection
	GlobalSection(NestedProjects) = preSolution
		{EB24B32C-63A6-4040-9239-A71FA0AB73E3} = {EC9BBD2F-1BD6-4CE7-B942-3A97EA1A7852}
		{14895195-04B6-4919-A421-3C37A4F964DB} = {50C8ADF2-8C44-4000-ACCC-D5C901BF30FA}
		{88C7DDBA-9056-493F-B9AC-2E76BF84D80E} = {50C8ADF2-8C44-4000-ACCC-D5C901BF30FA}
	EndGlobalSection
EndGlobal
